
Microsoft Visual Studio Solution File, Format Version 12.00
# Visual Studio 14
VisualStudioVersion = 14.0.23107.0
MinimumVisualStudioVersion = 10.0.40219.1
Project("{FAE04EC0-301F-11D3-BF4B-00C04F79EFBC}") = "NBudget", "NBudget\NBudget.csproj", "{1CBA0320-A726-4BF8-806C-A8C899E51A8B}"
EndProject
Project("{2150E333-8FDC-42A3-9474-1A3956D46DE8}") = "PublishScripts", "PublishScripts", "{9E835633-FBD1-4B3C-A776-47C4A9C3DAFA}"
EndProject
Project("{2150E333-8FDC-42A3-9474-1A3956D46DE8}") = "Scripts", "Scripts", "{F997035D-DD16-4BB6-8C8D-D6A2C5415672}"
	ProjectSection(SolutionItems) = preProject
		PublishScripts\Scripts\Deploy-AzureResourceGroup.ps1 = PublishScripts\Scripts\Deploy-AzureResourceGroup.ps1
	EndProjectSection
EndProject
Project("{2150E333-8FDC-42A3-9474-1A3956D46DE8}") = "Templates", "Templates", "{5A2CF267-A069-470F-B06E-884AE0AC2FC5}"
	ProjectSection(SolutionItems) = preProject
		PublishScripts\Templates\NBudget.json = PublishScripts\Templates\NBudget.json
		PublishScripts\Templates\NBudget.param.dev.json = PublishScripts\Templates\NBudget.param.dev.json
	EndProjectSection
EndProject
Project("{E24C65DC-7377-472B-9ABA-BC803B73C61A}") = "NBudgetFrontend", "..\..\..\pages\NBudgetFrontend\", "{1A91EC80-D558-4988-8407-34E0524E15A0}"
	ProjectSection(WebsiteProperties) = preProject
		TargetFrameworkMoniker = ".NETFramework,Version%3Dv4.5.2"
		Debug.AspNetCompiler.VirtualPath = "/localhost_56015"
		Debug.AspNetCompiler.PhysicalPath = "..\..\..\pages\NBudgetFrontend\"
		Debug.AspNetCompiler.TargetPath = "PrecompiledWeb\localhost_56015\"
		Debug.AspNetCompiler.Updateable = "true"
		Debug.AspNetCompiler.ForceOverwrite = "true"
		Debug.AspNetCompiler.FixedNames = "false"
		Debug.AspNetCompiler.Debug = "True"
		Release.AspNetCompiler.VirtualPath = "/localhost_56015"
		Release.AspNetCompiler.PhysicalPath = "..\..\..\pages\NBudgetFrontend\"
		Release.AspNetCompiler.TargetPath = "PrecompiledWeb\localhost_56015\"
		Release.AspNetCompiler.Updateable = "true"
		Release.AspNetCompiler.ForceOverwrite = "true"
		Release.AspNetCompiler.FixedNames = "false"
		Release.AspNetCompiler.Debug = "False"
		VWDPort = "56015"
	EndProjectSection
EndProject
Global
	GlobalSection(SolutionConfigurationPlatforms) = preSolution
		Debug|Any CPU = Debug|Any CPU
		Release|Any CPU = Release|Any CPU
	EndGlobalSection
	GlobalSection(ProjectConfigurationPlatforms) = postSolution
		{1CBA0320-A726-4BF8-806C-A8C899E51A8B}.Debug|Any CPU.ActiveCfg = Debug|Any CPU
		{1CBA0320-A726-4BF8-806C-A8C899E51A8B}.Debug|Any CPU.Build.0 = Debug|Any CPU
		{1CBA0320-A726-4BF8-806C-A8C899E51A8B}.Release|Any CPU.ActiveCfg = Release|Any CPU
		{1CBA0320-A726-4BF8-806C-A8C899E51A8B}.Release|Any CPU.Build.0 = Release|Any CPU
		{1A91EC80-D558-4988-8407-34E0524E15A0}.Debug|Any CPU.ActiveCfg = Debug|Any CPU
		{1A91EC80-D558-4988-8407-34E0524E15A0}.Debug|Any CPU.Build.0 = Debug|Any CPU
		{1A91EC80-D558-4988-8407-34E0524E15A0}.Release|Any CPU.ActiveCfg = Debug|Any CPU
		{1A91EC80-D558-4988-8407-34E0524E15A0}.Release|Any CPU.Build.0 = Debug|Any CPU
	EndGlobalSection
	GlobalSection(SolutionProperties) = preSolution
		HideSolutionNode = FALSE
	EndGlobalSection
	GlobalSection(NestedProjects) = preSolution
		{F997035D-DD16-4BB6-8C8D-D6A2C5415672} = {9E835633-FBD1-4B3C-A776-47C4A9C3DAFA}
		{5A2CF267-A069-470F-B06E-884AE0AC2FC5} = {9E835633-FBD1-4B3C-A776-47C4A9C3DAFA}
	EndGlobalSection
EndGlobal
