
Microsoft Visual Studio Solution File, Format Version 12.00
# Visual Studio 14
VisualStudioVersion = 14.0.24720.0
MinimumVisualStudioVersion = 10.0.40219.1
Project("{FAE04EC0-301F-11D3-BF4B-00C04F79EFBC}") = "NBudget", "NBudget\NBudget.csproj", "{1CBA0320-A726-4BF8-806C-A8C899E51A8B}"
EndProject
Project("{E24C65DC-7377-472B-9ABA-BC803B73C61A}") = "NBudget.Frontend", "NBudget.Frontend\", "{3346C9C7-7880-43FA-A3FF-A57BCC0EAE69}"
	ProjectSection(WebsiteProperties) = preProject
		TargetFrameworkMoniker = ".NETFramework,Version%3Dv4.0"
		Debug.AspNetCompiler.VirtualPath = "/localhost_50699"
		Debug.AspNetCompiler.PhysicalPath = "NBudget.Frontend\"
		Debug.AspNetCompiler.TargetPath = "PrecompiledWeb\localhost_50699\"
		Debug.AspNetCompiler.Updateable = "true"
		Debug.AspNetCompiler.ForceOverwrite = "true"
		Debug.AspNetCompiler.FixedNames = "false"
		Debug.AspNetCompiler.Debug = "True"
		Release.AspNetCompiler.VirtualPath = "/localhost_50699"
		Release.AspNetCompiler.PhysicalPath = "NBudget.Frontend\"
		Release.AspNetCompiler.TargetPath = "PrecompiledWeb\localhost_50699\"
		Release.AspNetCompiler.Updateable = "true"
		Release.AspNetCompiler.ForceOverwrite = "true"
		Release.AspNetCompiler.FixedNames = "false"
		Release.AspNetCompiler.Debug = "False"
		VWDPort = "50699"
		SlnRelativePath = "NBudget.Frontend\"
	EndProjectSection
EndProject
Global
	GlobalSection(SolutionConfigurationPlatforms) = preSolution
		Debug|Any CPU = Debug|Any CPU
		Release|Any CPU = Release|Any CPU
	EndGlobalSection
	GlobalSection(ProjectConfigurationPlatforms) = postSolution
		{1CBA0320-A726-4BF8-806C-A8C899E51A8B}.Debug|Any CPU.ActiveCfg = Debug|Any CPU
		{1CBA0320-A726-4BF8-806C-A8C899E51A8B}.Debug|Any CPU.Build.0 = Debug|Any CPU
		{1CBA0320-A726-4BF8-806C-A8C899E51A8B}.Release|Any CPU.ActiveCfg = Release|Any CPU
		{1CBA0320-A726-4BF8-806C-A8C899E51A8B}.Release|Any CPU.Build.0 = Release|Any CPU
		{3346C9C7-7880-43FA-A3FF-A57BCC0EAE69}.Debug|Any CPU.ActiveCfg = Debug|Any CPU
		{3346C9C7-7880-43FA-A3FF-A57BCC0EAE69}.Debug|Any CPU.Build.0 = Debug|Any CPU
		{3346C9C7-7880-43FA-A3FF-A57BCC0EAE69}.Release|Any CPU.ActiveCfg = Debug|Any CPU
		{3346C9C7-7880-43FA-A3FF-A57BCC0EAE69}.Release|Any CPU.Build.0 = Debug|Any CPU
	EndGlobalSection
	GlobalSection(SolutionProperties) = preSolution
		HideSolutionNode = FALSE
	EndGlobalSection
EndGlobal
